{
  "name": "first-plugin-test",
  "version": "1.0.0",
  "lockfileVersion": 3,
  "requires": true,
  "packages": {
    "": {
      "name": "first-plugin-test",
      "version": "1.0.0",
      "devDependencies": {
        "@figma/plugin-typings": "^1.78.0",
        "typescript": "*"
      }
    },
    "node_modules/@figma/plugin-typings": {
      "version": "1.78.0",
      "resolved": "https://registry.npmjs.org/@figma/plugin-typings/-/plugin-typings-1.78.0.tgz",
      "integrity": "sha512-LpuGERiN/IGO8z213yIn2uX2U57VGHh1EbeN+9Oyf/Wa9vL9IPDTCKNnHAAq/Dc8m7dx7dI/trihJs2qF12Q+A==",
      "dev": true
    },
    "node_modules/typescript": {
      "version": "5.2.2",
      "resolved": "https://registry.npmjs.org/typescript/-/typescript-5.2.2.tgz",
      "integrity": "sha512-mI4WrpHsbCIcwT9cF4FZvr80QUeKvsUsUvKDoR+X/7XHQH98xYD8YHZg7ANtz2GtZt/CBq2QJ0thkGJMHfqc1w==",
      "dev": true,
      "bin": {
        "tsc": "bin/tsc",
        "tsserver": "bin/tsserver"
      },
      "engines": {
        "node": ">=14.17"
      }
    }
  }
}
